
Microsoft Visual Studio Solution File, Format Version 12.00
# Visual Studio Version 18
VisualStudioVersion = 18.3.11512.155 d18.3
MinimumVisualStudioVersion = 10.0.40219.1
Project("{FAE04EC0-301F-11D3-BF4B-00C04F79EFBC}") = "Gem300Monitor", "Gem300Monitor.csproj", "{5D7BB6B9-F26E-CC92-8042-E82CAA93D256}"
EndProject
Global
	GlobalSection(SolutionConfigurationPlatforms) = preSolution
		Debug|Any CPU = Debug|Any CPU
		Release|Any CPU = Release|Any CPU
	EndGlobalSection
	GlobalSection(ProjectConfigurationPlatforms) = postSolution
		{5D7BB6B9-F26E-CC92-8042-E82CAA93D256}.Debug|Any CPU.ActiveCfg = Debug|Any CPU
		{5D7BB6B9-F26E-CC92-8042-E82CAA93D256}.Debug|Any CPU.Build.0 = Debug|Any CPU
		{5D7BB6B9-F26E-CC92-8042-E82CAA93D256}.Release|Any CPU.ActiveCfg = Release|Any CPU
		{5D7BB6B9-F26E-CC92-8042-E82CAA93D256}.Release|Any CPU.Build.0 = Release|Any CPU
	EndGlobalSection
	GlobalSection(SolutionProperties) = preSolution
		HideSolutionNode = FALSE
	EndGlobalSection
	GlobalSection(ExtensibilityGlobals) = postSolution
		SolutionGuid = {7798D264-9331-40F8-A645-519364DE2C00}
	EndGlobalSection
EndGlobal
